
Microsoft Visual Studio Solution File, Format Version 12.00
# Visual Studio 15
VisualStudioVersion = 15.0.28307.1321
MinimumVisualStudioVersion = 10.0.40219.1
Project("{FAE04EC0-301F-11D3-BF4B-00C04F79EFBC}") = "MidiRemoteWindowsAppliaction", "MidiRemoteWindowsAppliaction.csproj", "{F163814C-AA55-432C-BB3C-E1A2BED0FD6D}"
EndProject
Global
	GlobalSection(SolutionConfigurationPlatforms) = preSolution
		Debug|Any CPU = Debug|Any CPU
		Release|Any CPU = Release|Any CPU
	EndGlobalSection
	GlobalSection(ProjectConfigurationPlatforms) = postSolution
		{F163814C-AA55-432C-BB3C-E1A2BED0FD6D}.Debug|Any CPU.ActiveCfg = Debug|Any CPU
		{F163814C-AA55-432C-BB3C-E1A2BED0FD6D}.Debug|Any CPU.Build.0 = Debug|Any CPU
		{F163814C-AA55-432C-BB3C-E1A2BED0FD6D}.Release|Any CPU.ActiveCfg = Release|Any CPU
		{F163814C-AA55-432C-BB3C-E1A2BED0FD6D}.Release|Any CPU.Build.0 = Release|Any CPU
	EndGlobalSection
	GlobalSection(SolutionProperties) = preSolution
		HideSolutionNode = FALSE
	EndGlobalSection
	GlobalSection(ExtensibilityGlobals) = postSolution
		SolutionGuid = {070E7613-A855-43B9-84D4-0EE825F9648E}
	EndGlobalSection
EndGlobal
